
Microsoft Visual Studio Solution File, Format Version 12.00
# Visual Studio Version 16
VisualStudioVersion = 16.0.30907.101
MinimumVisualStudioVersion = 10.0.40219.1
Project("{8BC9CEB8-8B4A-11D0-8D11-00A0C91BC942}") = "client", "client\client.vcxproj", "{05EAED73-78A2-40F8-BC53-7EF8B6005CE8}"
EndProject
Project("{8BC9CEB8-8B4A-11D0-8D11-00A0C91BC942}") = "utils", "utils\utils.vcxitems", "{E17B5009-F901-4BD0-9104-01DF24F490B4}"
EndProject
Project("{8BC9CEB8-8B4A-11D0-8D11-00A0C91BC942}") = "impl_gui", "impl_gui\impl_gui.vcxitems", "{6B92865C-DF59-40A1-B035-3F881D57DBBA}"
EndProject
Project("{8BC9CEB8-8B4A-11D0-8D11-00A0C91BC942}") = "injector", "injector\injector.vcxproj", "{7BCD9CCA-C9CA-4FE5-8BF5-5C19F8ABA784}"
EndProject
Project("{8BC9CEB8-8B4A-11D0-8D11-00A0C91BC942}") = "loader", "loader\loader.vcxproj", "{E35217B8-E092-468D-AF8A-7681A62227B7}"
EndProject
Project("{2150E333-8FDC-42A3-9474-1A3956D46DE8}") = "thirdparty", "thirdparty", "{C888C1BC-16DB-4F4C-B429-064C3CF1026E}"
EndProject
Project("{8BC9CEB8-8B4A-11D0-8D11-00A0C91BC942}") = "imgui", "thirdparty\imgui\imgui.vcxitems", "{9AE9F1A3-BA8C-4C17-AF40-65D35C9784B8}"
EndProject
Project("{8BC9CEB8-8B4A-11D0-8D11-00A0C91BC942}") = "minhook", "thirdparty\minhook\minhook.vcxitems", "{E889D1A5-80F5-49F9-A262-49C2A702D762}"
EndProject
Project("{2150E333-8FDC-42A3-9474-1A3956D46DE8}") = "helpers", "helpers", "{109A20C0-474C-434C-805D-5AAD6E0D3497}"
EndProject
Global
	GlobalSection(SharedMSBuildProjectFiles) = preSolution
		impl_gui\impl_gui.vcxitems*{05eaed73-78a2-40f8-bc53-7ef8b6005ce8}*SharedItemsImports = 4
		thirdparty\imgui\imgui.vcxitems*{05eaed73-78a2-40f8-bc53-7ef8b6005ce8}*SharedItemsImports = 4
		thirdparty\minhook\minhook.vcxitems*{05eaed73-78a2-40f8-bc53-7ef8b6005ce8}*SharedItemsImports = 4
		utils\utils.vcxitems*{05eaed73-78a2-40f8-bc53-7ef8b6005ce8}*SharedItemsImports = 4
		impl_gui\impl_gui.vcxitems*{6b92865c-df59-40a1-b035-3f881d57dbba}*SharedItemsImports = 9
		utils\utils.vcxitems*{7bcd9cca-c9ca-4fe5-8bf5-5c19f8aba784}*SharedItemsImports = 4
		thirdparty\imgui\imgui.vcxitems*{9ae9f1a3-ba8c-4c17-af40-65d35c9784b8}*SharedItemsImports = 9
		utils\utils.vcxitems*{e17b5009-f901-4bd0-9104-01df24f490b4}*SharedItemsImports = 9
		impl_gui\impl_gui.vcxitems*{e35217b8-e092-468d-af8a-7681a62227b7}*SharedItemsImports = 4
		thirdparty\imgui\imgui.vcxitems*{e35217b8-e092-468d-af8a-7681a62227b7}*SharedItemsImports = 4
		utils\utils.vcxitems*{e35217b8-e092-468d-af8a-7681a62227b7}*SharedItemsImports = 4
		thirdparty\minhook\minhook.vcxitems*{e889d1a5-80f5-49f9-a262-49c2a702d762}*SharedItemsImports = 9
	EndGlobalSection
	GlobalSection(SolutionConfigurationPlatforms) = preSolution
		Debug|x64 = Debug|x64
		Debug|x86 = Debug|x86
		Release|x64 = Release|x64
		Release|x86 = Release|x86
	EndGlobalSection
	GlobalSection(ProjectConfigurationPlatforms) = postSolution
		{05EAED73-78A2-40F8-BC53-7EF8B6005CE8}.Debug|x64.ActiveCfg = Debug|x64
		{05EAED73-78A2-40F8-BC53-7EF8B6005CE8}.Debug|x64.Build.0 = Debug|x64
		{05EAED73-78A2-40F8-BC53-7EF8B6005CE8}.Debug|x86.ActiveCfg = Debug|Win32
		{05EAED73-78A2-40F8-BC53-7EF8B6005CE8}.Debug|x86.Build.0 = Debug|Win32
		{05EAED73-78A2-40F8-BC53-7EF8B6005CE8}.Release|x64.ActiveCfg = Release|x64
		{05EAED73-78A2-40F8-BC53-7EF8B6005CE8}.Release|x64.Build.0 = Release|x64
		{05EAED73-78A2-40F8-BC53-7EF8B6005CE8}.Release|x86.ActiveCfg = Release|Win32
		{05EAED73-78A2-40F8-BC53-7EF8B6005CE8}.Release|x86.Build.0 = Release|Win32
		{7BCD9CCA-C9CA-4FE5-8BF5-5C19F8ABA784}.Debug|x64.ActiveCfg = Debug|x64
		{7BCD9CCA-C9CA-4FE5-8BF5-5C19F8ABA784}.Debug|x64.Build.0 = Debug|x64
		{7BCD9CCA-C9CA-4FE5-8BF5-5C19F8ABA784}.Debug|x86.ActiveCfg = Debug|Win32
		{7BCD9CCA-C9CA-4FE5-8BF5-5C19F8ABA784}.Debug|x86.Build.0 = Debug|Win32
		{7BCD9CCA-C9CA-4FE5-8BF5-5C19F8ABA784}.Release|x64.ActiveCfg = Release|x64
		{7BCD9CCA-C9CA-4FE5-8BF5-5C19F8ABA784}.Release|x64.Build.0 = Release|x64
		{7BCD9CCA-C9CA-4FE5-8BF5-5C19F8ABA784}.Release|x86.ActiveCfg = Release|Win32
		{7BCD9CCA-C9CA-4FE5-8BF5-5C19F8ABA784}.Release|x86.Build.0 = Release|Win32
		{E35217B8-E092-468D-AF8A-7681A62227B7}.Debug|x64.ActiveCfg = Debug|x64
		{E35217B8-E092-468D-AF8A-7681A62227B7}.Debug|x64.Build.0 = Debug|x64
		{E35217B8-E092-468D-AF8A-7681A62227B7}.Debug|x86.ActiveCfg = Debug|Win32
		{E35217B8-E092-468D-AF8A-7681A62227B7}.Debug|x86.Build.0 = Debug|Win32
		{E35217B8-E092-468D-AF8A-7681A62227B7}.Release|x64.ActiveCfg = Release|x64
		{E35217B8-E092-468D-AF8A-7681A62227B7}.Release|x64.Build.0 = Release|x64
		{E35217B8-E092-468D-AF8A-7681A62227B7}.Release|x86.ActiveCfg = Release|Win32
		{E35217B8-E092-468D-AF8A-7681A62227B7}.Release|x86.Build.0 = Release|Win32
	EndGlobalSection
	GlobalSection(SolutionProperties) = preSolution
		HideSolutionNode = FALSE
	EndGlobalSection
	GlobalSection(NestedProjects) = preSolution
		{E17B5009-F901-4BD0-9104-01DF24F490B4} = {109A20C0-474C-434C-805D-5AAD6E0D3497}
		{6B92865C-DF59-40A1-B035-3F881D57DBBA} = {109A20C0-474C-434C-805D-5AAD6E0D3497}
		{9AE9F1A3-BA8C-4C17-AF40-65D35C9784B8} = {C888C1BC-16DB-4F4C-B429-064C3CF1026E}
		{E889D1A5-80F5-49F9-A262-49C2A702D762} = {C888C1BC-16DB-4F4C-B429-064C3CF1026E}
	EndGlobalSection
	GlobalSection(ExtensibilityGlobals) = postSolution
		SolutionGuid = {3D337525-3AD6-4865-BBB8-5F01F5A00EFF}
	EndGlobalSection
EndGlobal
